
Microsoft Visual Studio Solution File, Format Version 12.00
# Visual Studio Version 16
VisualStudioVersion = 16.0.30204.135
MinimumVisualStudioVersion = 10.0.40219.1
Project("{FAE04EC0-301F-11D3-BF4B-00C04F79EFBC}") = "finalwithexceptionhandle", "finalwithexceptionhandle\finalwithexceptionhandle.csproj", "{E9D44CA5-15FE-4F7D-A180-E73E02A086E4}"
EndProject
Global
	GlobalSection(SolutionConfigurationPlatforms) = preSolution
		Debug|Any CPU = Debug|Any CPU
		Release|Any CPU = Release|Any CPU
	EndGlobalSection
	GlobalSection(ProjectConfigurationPlatforms) = postSolution
		{E9D44CA5-15FE-4F7D-A180-E73E02A086E4}.Debug|Any CPU.ActiveCfg = Debug|Any CPU
		{E9D44CA5-15FE-4F7D-A180-E73E02A086E4}.Debug|Any CPU.Build.0 = Debug|Any CPU
		{E9D44CA5-15FE-4F7D-A180-E73E02A086E4}.Release|Any CPU.ActiveCfg = Release|Any CPU
		{E9D44CA5-15FE-4F7D-A180-E73E02A086E4}.Release|Any CPU.Build.0 = Release|Any CPU
	EndGlobalSection
	GlobalSection(SolutionProperties) = preSolution
		HideSolutionNode = FALSE
	EndGlobalSection
	GlobalSection(ExtensibilityGlobals) = postSolution
		SolutionGuid = {0E97B96E-89B4-44C2-94BB-3D38E8460B75}
	EndGlobalSection
EndGlobal
