
Microsoft Visual Studio Solution File, Format Version 12.00
# Visual Studio Version 16
VisualStudioVersion = 16.0.30204.135
MinimumVisualStudioVersion = 10.0.40219.1
Project("{FAE04EC0-301F-11D3-BF4B-00C04F79EFBC}") = "taskasync", "taskasync\taskasync.csproj", "{E2DFE4B2-8B13-4754-96CE-8AF15AB8DADB}"
EndProject
Global
	GlobalSection(SolutionConfigurationPlatforms) = preSolution
		Debug|Any CPU = Debug|Any CPU
		Release|Any CPU = Release|Any CPU
	EndGlobalSection
	GlobalSection(ProjectConfigurationPlatforms) = postSolution
		{E2DFE4B2-8B13-4754-96CE-8AF15AB8DADB}.Debug|Any CPU.ActiveCfg = Debug|Any CPU
		{E2DFE4B2-8B13-4754-96CE-8AF15AB8DADB}.Debug|Any CPU.Build.0 = Debug|Any CPU
		{E2DFE4B2-8B13-4754-96CE-8AF15AB8DADB}.Release|Any CPU.ActiveCfg = Release|Any CPU
		{E2DFE4B2-8B13-4754-96CE-8AF15AB8DADB}.Release|Any CPU.Build.0 = Release|Any CPU
	EndGlobalSection
	GlobalSection(SolutionProperties) = preSolution
		HideSolutionNode = FALSE
	EndGlobalSection
	GlobalSection(ExtensibilityGlobals) = postSolution
		SolutionGuid = {D3C75C2C-0DF8-4377-926A-C4BF6909FB2A}
	EndGlobalSection
EndGlobal
