
Microsoft Visual Studio Solution File, Format Version 12.00
# Visual Studio Version 16
VisualStudioVersion = 16.0.30204.135
MinimumVisualStudioVersion = 10.0.40219.1
Project("{FAE04EC0-301F-11D3-BF4B-00C04F79EFBC}") = "FileInfoprogram", "FileInfoprogram\FileInfoprogram.csproj", "{4E10151D-25FE-4457-A7E9-C814E22B811D}"
EndProject
Global
	GlobalSection(SolutionConfigurationPlatforms) = preSolution
		Debug|Any CPU = Debug|Any CPU
		Release|Any CPU = Release|Any CPU
	EndGlobalSection
	GlobalSection(ProjectConfigurationPlatforms) = postSolution
		{4E10151D-25FE-4457-A7E9-C814E22B811D}.Debug|Any CPU.ActiveCfg = Debug|Any CPU
		{4E10151D-25FE-4457-A7E9-C814E22B811D}.Debug|Any CPU.Build.0 = Debug|Any CPU
		{4E10151D-25FE-4457-A7E9-C814E22B811D}.Release|Any CPU.ActiveCfg = Release|Any CPU
		{4E10151D-25FE-4457-A7E9-C814E22B811D}.Release|Any CPU.Build.0 = Release|Any CPU
	EndGlobalSection
	GlobalSection(SolutionProperties) = preSolution
		HideSolutionNode = FALSE
	EndGlobalSection
	GlobalSection(ExtensibilityGlobals) = postSolution
		SolutionGuid = {E7DC88A6-2F3F-4D1E-B927-6837E39F7215}
	EndGlobalSection
EndGlobal
