
Microsoft Visual Studio Solution File, Format Version 12.00
# Visual Studio Version 16
VisualStudioVersion = 16.0.30204.135
MinimumVisualStudioVersion = 10.0.40219.1
Project("{9A19103F-16F7-4668-BE54-9A1E7A4F7556}") = "STUDENTCREATIONTAB", "STUDENTCREATIONTAB\STUDENTCREATIONTAB.csproj", "{F69BF34C-5CEE-4186-B171-4C66737EED53}"
EndProject
Global
	GlobalSection(SolutionConfigurationPlatforms) = preSolution
		Debug|Any CPU = Debug|Any CPU
		Release|Any CPU = Release|Any CPU
	EndGlobalSection
	GlobalSection(ProjectConfigurationPlatforms) = postSolution
		{F69BF34C-5CEE-4186-B171-4C66737EED53}.Debug|Any CPU.ActiveCfg = Debug|Any CPU
		{F69BF34C-5CEE-4186-B171-4C66737EED53}.Debug|Any CPU.Build.0 = Debug|Any CPU
		{F69BF34C-5CEE-4186-B171-4C66737EED53}.Release|Any CPU.ActiveCfg = Release|Any CPU
		{F69BF34C-5CEE-4186-B171-4C66737EED53}.Release|Any CPU.Build.0 = Release|Any CPU
	EndGlobalSection
	GlobalSection(SolutionProperties) = preSolution
		HideSolutionNode = FALSE
	EndGlobalSection
	GlobalSection(ExtensibilityGlobals) = postSolution
		SolutionGuid = {448A6258-DDA3-4C5F-901E-4913DF77E82D}
	EndGlobalSection
EndGlobal
