
Microsoft Visual Studio Solution File, Format Version 12.00
# Visual Studio Version 16
VisualStudioVersion = 16.0.30204.135
MinimumVisualStudioVersion = 10.0.40219.1
Project("{FAE04EC0-301F-11D3-BF4B-00C04F79EFBC}") = "SQLCOMMANDPROGRAM", "SQLCOMMANDPROGRAM\SQLCOMMANDPROGRAM.csproj", "{87432D88-4DA7-47FE-A0AE-B27D9E29B2FA}"
EndProject
Global
	GlobalSection(SolutionConfigurationPlatforms) = preSolution
		Debug|Any CPU = Debug|Any CPU
		Release|Any CPU = Release|Any CPU
	EndGlobalSection
	GlobalSection(ProjectConfigurationPlatforms) = postSolution
		{87432D88-4DA7-47FE-A0AE-B27D9E29B2FA}.Debug|Any CPU.ActiveCfg = Debug|Any CPU
		{87432D88-4DA7-47FE-A0AE-B27D9E29B2FA}.Debug|Any CPU.Build.0 = Debug|Any CPU
		{87432D88-4DA7-47FE-A0AE-B27D9E29B2FA}.Release|Any CPU.ActiveCfg = Release|Any CPU
		{87432D88-4DA7-47FE-A0AE-B27D9E29B2FA}.Release|Any CPU.Build.0 = Release|Any CPU
	EndGlobalSection
	GlobalSection(SolutionProperties) = preSolution
		HideSolutionNode = FALSE
	EndGlobalSection
	GlobalSection(ExtensibilityGlobals) = postSolution
		SolutionGuid = {364D7837-0945-4D19-9308-08B7FCAC9F3F}
	EndGlobalSection
EndGlobal
