
Microsoft Visual Studio Solution File, Format Version 12.00
# Visual Studio Version 16
VisualStudioVersion = 16.0.30204.135
MinimumVisualStudioVersion = 10.0.40219.1
Project("{FAE04EC0-301F-11D3-BF4B-00C04F79EFBC}") = "MethodSyntax", "MethodSyntax\MethodSyntax.csproj", "{CF7D2BCF-7F2F-49DC-9CCE-5FE52D9A0BE5}"
EndProject
Global
	GlobalSection(SolutionConfigurationPlatforms) = preSolution
		Debug|Any CPU = Debug|Any CPU
		Release|Any CPU = Release|Any CPU
	EndGlobalSection
	GlobalSection(ProjectConfigurationPlatforms) = postSolution
		{CF7D2BCF-7F2F-49DC-9CCE-5FE52D9A0BE5}.Debug|Any CPU.ActiveCfg = Debug|Any CPU
		{CF7D2BCF-7F2F-49DC-9CCE-5FE52D9A0BE5}.Debug|Any CPU.Build.0 = Debug|Any CPU
		{CF7D2BCF-7F2F-49DC-9CCE-5FE52D9A0BE5}.Release|Any CPU.ActiveCfg = Release|Any CPU
		{CF7D2BCF-7F2F-49DC-9CCE-5FE52D9A0BE5}.Release|Any CPU.Build.0 = Release|Any CPU
	EndGlobalSection
	GlobalSection(SolutionProperties) = preSolution
		HideSolutionNode = FALSE
	EndGlobalSection
	GlobalSection(ExtensibilityGlobals) = postSolution
		SolutionGuid = {C0D88F93-70DF-43AE-8F5A-E44F855A5CE9}
	EndGlobalSection
EndGlobal
