
Microsoft Visual Studio Solution File, Format Version 12.00
# Visual Studio Version 16
VisualStudioVersion = 16.0.30204.135
MinimumVisualStudioVersion = 10.0.40219.1
Project("{FAE04EC0-301F-11D3-BF4B-00C04F79EFBC}") = "Delegateevents2", "Delegateevents2\Delegateevents2.csproj", "{4FF8CCB2-6FA7-4F52-951C-389C394C752F}"
EndProject
Global
	GlobalSection(SolutionConfigurationPlatforms) = preSolution
		Debug|Any CPU = Debug|Any CPU
		Release|Any CPU = Release|Any CPU
	EndGlobalSection
	GlobalSection(ProjectConfigurationPlatforms) = postSolution
		{4FF8CCB2-6FA7-4F52-951C-389C394C752F}.Debug|Any CPU.ActiveCfg = Debug|Any CPU
		{4FF8CCB2-6FA7-4F52-951C-389C394C752F}.Debug|Any CPU.Build.0 = Debug|Any CPU
		{4FF8CCB2-6FA7-4F52-951C-389C394C752F}.Release|Any CPU.ActiveCfg = Release|Any CPU
		{4FF8CCB2-6FA7-4F52-951C-389C394C752F}.Release|Any CPU.Build.0 = Release|Any CPU
	EndGlobalSection
	GlobalSection(SolutionProperties) = preSolution
		HideSolutionNode = FALSE
	EndGlobalSection
	GlobalSection(ExtensibilityGlobals) = postSolution
		SolutionGuid = {DA3E755B-4B07-4871-875D-CB9D7E821D39}
	EndGlobalSection
EndGlobal
