
Microsoft Visual Studio Solution File, Format Version 12.00
# Visual Studio Version 16
VisualStudioVersion = 16.0.30204.135
MinimumVisualStudioVersion = 10.0.40219.1
Project("{FAE04EC0-301F-11D3-BF4B-00C04F79EFBC}") = "Sumof natural", "Sumof natural\Sumof natural.csproj", "{BD8D97C0-CE47-4C21-8FB2-F97B57A23B06}"
EndProject
Global
	GlobalSection(SolutionConfigurationPlatforms) = preSolution
		Debug|Any CPU = Debug|Any CPU
		Release|Any CPU = Release|Any CPU
	EndGlobalSection
	GlobalSection(ProjectConfigurationPlatforms) = postSolution
		{BD8D97C0-CE47-4C21-8FB2-F97B57A23B06}.Debug|Any CPU.ActiveCfg = Debug|Any CPU
		{BD8D97C0-CE47-4C21-8FB2-F97B57A23B06}.Debug|Any CPU.Build.0 = Debug|Any CPU
		{BD8D97C0-CE47-4C21-8FB2-F97B57A23B06}.Release|Any CPU.ActiveCfg = Release|Any CPU
		{BD8D97C0-CE47-4C21-8FB2-F97B57A23B06}.Release|Any CPU.Build.0 = Release|Any CPU
	EndGlobalSection
	GlobalSection(SolutionProperties) = preSolution
		HideSolutionNode = FALSE
	EndGlobalSection
	GlobalSection(ExtensibilityGlobals) = postSolution
		SolutionGuid = {8648E963-9C6F-4816-9F7F-0889E3B96F41}
	EndGlobalSection
EndGlobal
