
Microsoft Visual Studio Solution File, Format Version 12.00
# Visual Studio Version 16
VisualStudioVersion = 16.0.30204.135
MinimumVisualStudioVersion = 10.0.40219.1
Project("{FAE04EC0-301F-11D3-BF4B-00C04F79EFBC}") = "server", "server\server.csproj", "{A58C3E02-F218-4BFF-A9E7-850A072ECF02}"
EndProject
Global
	GlobalSection(SolutionConfigurationPlatforms) = preSolution
		Debug|Any CPU = Debug|Any CPU
		Release|Any CPU = Release|Any CPU
	EndGlobalSection
	GlobalSection(ProjectConfigurationPlatforms) = postSolution
		{A58C3E02-F218-4BFF-A9E7-850A072ECF02}.Debug|Any CPU.ActiveCfg = Debug|Any CPU
		{A58C3E02-F218-4BFF-A9E7-850A072ECF02}.Debug|Any CPU.Build.0 = Debug|Any CPU
		{A58C3E02-F218-4BFF-A9E7-850A072ECF02}.Release|Any CPU.ActiveCfg = Release|Any CPU
		{A58C3E02-F218-4BFF-A9E7-850A072ECF02}.Release|Any CPU.Build.0 = Release|Any CPU
	EndGlobalSection
	GlobalSection(SolutionProperties) = preSolution
		HideSolutionNode = FALSE
	EndGlobalSection
	GlobalSection(ExtensibilityGlobals) = postSolution
		SolutionGuid = {D6646A79-3738-4C90-A149-14358FE8EDCB}
	EndGlobalSection
EndGlobal
