
Microsoft Visual Studio Solution File, Format Version 12.00
# Visual Studio Version 16
VisualStudioVersion = 16.0.30204.135
MinimumVisualStudioVersion = 10.0.40219.1
Project("{FAE04EC0-301F-11D3-BF4B-00C04F79EFBC}") = "statickeyword", "statickeyword\statickeyword.csproj", "{51701B13-55E9-4D32-89BC-1B74C306E540}"
EndProject
Global
	GlobalSection(SolutionConfigurationPlatforms) = preSolution
		Debug|Any CPU = Debug|Any CPU
		Release|Any CPU = Release|Any CPU
	EndGlobalSection
	GlobalSection(ProjectConfigurationPlatforms) = postSolution
		{51701B13-55E9-4D32-89BC-1B74C306E540}.Debug|Any CPU.ActiveCfg = Debug|Any CPU
		{51701B13-55E9-4D32-89BC-1B74C306E540}.Debug|Any CPU.Build.0 = Debug|Any CPU
		{51701B13-55E9-4D32-89BC-1B74C306E540}.Release|Any CPU.ActiveCfg = Release|Any CPU
		{51701B13-55E9-4D32-89BC-1B74C306E540}.Release|Any CPU.Build.0 = Release|Any CPU
	EndGlobalSection
	GlobalSection(SolutionProperties) = preSolution
		HideSolutionNode = FALSE
	EndGlobalSection
	GlobalSection(ExtensibilityGlobals) = postSolution
		SolutionGuid = {A0B3D2DA-F1D6-4790-956D-152FA043DBFD}
	EndGlobalSection
EndGlobal
