
Microsoft Visual Studio Solution File, Format Version 12.00
# Visual Studio Version 16
VisualStudioVersion = 16.0.30204.135
MinimumVisualStudioVersion = 10.0.40219.1
Project("{FAE04EC0-301F-11D3-BF4B-00C04F79EFBC}") = "Sortedsetcollection", "Sortedsetcollection\Sortedsetcollection.csproj", "{7B77399C-73F7-42CE-8C4B-2DD0ADECF7BC}"
EndProject
Global
	GlobalSection(SolutionConfigurationPlatforms) = preSolution
		Debug|Any CPU = Debug|Any CPU
		Release|Any CPU = Release|Any CPU
	EndGlobalSection
	GlobalSection(ProjectConfigurationPlatforms) = postSolution
		{7B77399C-73F7-42CE-8C4B-2DD0ADECF7BC}.Debug|Any CPU.ActiveCfg = Debug|Any CPU
		{7B77399C-73F7-42CE-8C4B-2DD0ADECF7BC}.Debug|Any CPU.Build.0 = Debug|Any CPU
		{7B77399C-73F7-42CE-8C4B-2DD0ADECF7BC}.Release|Any CPU.ActiveCfg = Release|Any CPU
		{7B77399C-73F7-42CE-8C4B-2DD0ADECF7BC}.Release|Any CPU.Build.0 = Release|Any CPU
	EndGlobalSection
	GlobalSection(SolutionProperties) = preSolution
		HideSolutionNode = FALSE
	EndGlobalSection
	GlobalSection(ExtensibilityGlobals) = postSolution
		SolutionGuid = {4CC52181-E490-4DFF-8F57-D4A7E2ADF4E2}
	EndGlobalSection
EndGlobal
