
Microsoft Visual Studio Solution File, Format Version 12.00
# Visual Studio Version 16
VisualStudioVersion = 16.0.30204.135
MinimumVisualStudioVersion = 10.0.40219.1
Project("{FAE04EC0-301F-11D3-BF4B-00C04F79EFBC}") = "Pascaltriangle", "Pascaltriangle\Pascaltriangle.csproj", "{30AD7F38-CA1C-44A1-9148-89D313F3179A}"
EndProject
Global
	GlobalSection(SolutionConfigurationPlatforms) = preSolution
		Debug|Any CPU = Debug|Any CPU
		Release|Any CPU = Release|Any CPU
	EndGlobalSection
	GlobalSection(ProjectConfigurationPlatforms) = postSolution
		{30AD7F38-CA1C-44A1-9148-89D313F3179A}.Debug|Any CPU.ActiveCfg = Debug|Any CPU
		{30AD7F38-CA1C-44A1-9148-89D313F3179A}.Debug|Any CPU.Build.0 = Debug|Any CPU
		{30AD7F38-CA1C-44A1-9148-89D313F3179A}.Release|Any CPU.ActiveCfg = Release|Any CPU
		{30AD7F38-CA1C-44A1-9148-89D313F3179A}.Release|Any CPU.Build.0 = Release|Any CPU
	EndGlobalSection
	GlobalSection(SolutionProperties) = preSolution
		HideSolutionNode = FALSE
	EndGlobalSection
	GlobalSection(ExtensibilityGlobals) = postSolution
		SolutionGuid = {5B667C99-BBC0-4FA0-BD74-C7044B9E914B}
	EndGlobalSection
EndGlobal
