
Microsoft Visual Studio Solution File, Format Version 12.00
# Visual Studio Version 16
VisualStudioVersion = 16.0.30413.136
MinimumVisualStudioVersion = 10.0.40219.1
Project("{FAE04EC0-301F-11D3-BF4B-00C04F79EFBC}") = "EFcoreProgram", "EFcoreProgram\EFcoreProgram.csproj", "{450EDB48-8A3F-4CB8-9FE3-B752EFE93AC3}"
EndProject
Global
	GlobalSection(SolutionConfigurationPlatforms) = preSolution
		Debug|Any CPU = Debug|Any CPU
		Release|Any CPU = Release|Any CPU
	EndGlobalSection
	GlobalSection(ProjectConfigurationPlatforms) = postSolution
		{450EDB48-8A3F-4CB8-9FE3-B752EFE93AC3}.Debug|Any CPU.ActiveCfg = Debug|Any CPU
		{450EDB48-8A3F-4CB8-9FE3-B752EFE93AC3}.Debug|Any CPU.Build.0 = Debug|Any CPU
		{450EDB48-8A3F-4CB8-9FE3-B752EFE93AC3}.Release|Any CPU.ActiveCfg = Release|Any CPU
		{450EDB48-8A3F-4CB8-9FE3-B752EFE93AC3}.Release|Any CPU.Build.0 = Release|Any CPU
	EndGlobalSection
	GlobalSection(SolutionProperties) = preSolution
		HideSolutionNode = FALSE
	EndGlobalSection
	GlobalSection(ExtensibilityGlobals) = postSolution
		SolutionGuid = {CAEA55A9-432C-4E06-88F4-D9C0D8306ADA}
	EndGlobalSection
EndGlobal
