
Microsoft Visual Studio Solution File, Format Version 12.00
# Visual Studio Version 16
VisualStudioVersion = 16.0.30204.135
MinimumVisualStudioVersion = 10.0.40219.1
Project("{FAE04EC0-301F-11D3-BF4B-00C04F79EFBC}") = "Withtrycatch", "Withtrycatch\Withtrycatch.csproj", "{94B8E920-5F22-444E-9BA4-7E0325D546DC}"
EndProject
Global
	GlobalSection(SolutionConfigurationPlatforms) = preSolution
		Debug|Any CPU = Debug|Any CPU
		Release|Any CPU = Release|Any CPU
	EndGlobalSection
	GlobalSection(ProjectConfigurationPlatforms) = postSolution
		{94B8E920-5F22-444E-9BA4-7E0325D546DC}.Debug|Any CPU.ActiveCfg = Debug|Any CPU
		{94B8E920-5F22-444E-9BA4-7E0325D546DC}.Debug|Any CPU.Build.0 = Debug|Any CPU
		{94B8E920-5F22-444E-9BA4-7E0325D546DC}.Release|Any CPU.ActiveCfg = Release|Any CPU
		{94B8E920-5F22-444E-9BA4-7E0325D546DC}.Release|Any CPU.Build.0 = Release|Any CPU
	EndGlobalSection
	GlobalSection(SolutionProperties) = preSolution
		HideSolutionNode = FALSE
	EndGlobalSection
	GlobalSection(ExtensibilityGlobals) = postSolution
		SolutionGuid = {5E2E1B17-1581-4BE7-88CD-552B408E8BC0}
	EndGlobalSection
EndGlobal
