
Microsoft Visual Studio Solution File, Format Version 12.00
# Visual Studio Version 16
VisualStudioVersion = 16.0.30204.135
MinimumVisualStudioVersion = 10.0.40219.1
Project("{9A19103F-16F7-4668-BE54-9A1E7A4F7556}") = "Socketp1", "Socketp1\Socketp1.csproj", "{20E0AA1C-DB70-41CB-812B-99FDAC3E6B59}"
EndProject
Project("{FAE04EC0-301F-11D3-BF4B-00C04F79EFBC}") = "Clienttimer", "Clienttimer\Clienttimer.csproj", "{32571401-FB0F-4555-B77D-C54D02285023}"
EndProject
Global
	GlobalSection(SolutionConfigurationPlatforms) = preSolution
		Debug|Any CPU = Debug|Any CPU
		Release|Any CPU = Release|Any CPU
	EndGlobalSection
	GlobalSection(ProjectConfigurationPlatforms) = postSolution
		{20E0AA1C-DB70-41CB-812B-99FDAC3E6B59}.Debug|Any CPU.ActiveCfg = Debug|Any CPU
		{20E0AA1C-DB70-41CB-812B-99FDAC3E6B59}.Debug|Any CPU.Build.0 = Debug|Any CPU
		{20E0AA1C-DB70-41CB-812B-99FDAC3E6B59}.Release|Any CPU.ActiveCfg = Release|Any CPU
		{20E0AA1C-DB70-41CB-812B-99FDAC3E6B59}.Release|Any CPU.Build.0 = Release|Any CPU
		{32571401-FB0F-4555-B77D-C54D02285023}.Debug|Any CPU.ActiveCfg = Debug|Any CPU
		{32571401-FB0F-4555-B77D-C54D02285023}.Debug|Any CPU.Build.0 = Debug|Any CPU
		{32571401-FB0F-4555-B77D-C54D02285023}.Release|Any CPU.ActiveCfg = Release|Any CPU
		{32571401-FB0F-4555-B77D-C54D02285023}.Release|Any CPU.Build.0 = Release|Any CPU
	EndGlobalSection
	GlobalSection(SolutionProperties) = preSolution
		HideSolutionNode = FALSE
	EndGlobalSection
	GlobalSection(ExtensibilityGlobals) = postSolution
		SolutionGuid = {91945B9D-58E8-463B-84ED-ECF681912836}
	EndGlobalSection
EndGlobal
